
Microsoft Visual Studio Solution File, Format Version 12.00
Project("{FAE04EC0-301F-11D3-BF4B-00C04F79EFBC}") = "BlogPlantasDomesticas.Api", "src\BlogPlantasDomesticas.Api\BlogPlantasDomesticas.Api.csproj", "{3E7A69E2-9D42-4122-83CE-687F3C375CC6}"
EndProject
Global
	GlobalSection(SolutionConfigurationPlatforms) = preSolution
		Debug|Any CPU = Debug|Any CPU
		Release|Any CPU = Release|Any CPU
	EndGlobalSection
	GlobalSection(ProjectConfigurationPlatforms) = postSolution
		{3E7A69E2-9D42-4122-83CE-687F3C375CC6}.Debug|Any CPU.ActiveCfg = Debug|Any CPU
		{3E7A69E2-9D42-4122-83CE-687F3C375CC6}.Debug|Any CPU.Build.0 = Debug|Any CPU
		{3E7A69E2-9D42-4122-83CE-687F3C375CC6}.Release|Any CPU.ActiveCfg = Release|Any CPU
		{3E7A69E2-9D42-4122-83CE-687F3C375CC6}.Release|Any CPU.Build.0 = Release|Any CPU
	EndGlobalSection
EndGlobal
